
Microsoft Visual Studio Solution File, Format Version 12.00
# Visual Studio Version 16
VisualStudioVersion = 16.0.29001.49
MinimumVisualStudioVersion = 10.0.40219.1
Project("{FAE04EC0-301F-11D3-BF4B-00C04F79EFBC}") = "OOP_PanelLogowania", "OOP_PanelLogowania\OOP_PanelLogowania.csproj", "{B7A68616-04B5-4A1D-9371-244C2FE23D27}"
EndProject
Global
	GlobalSection(SolutionConfigurationPlatforms) = preSolution
		Debug|Any CPU = Debug|Any CPU
		Release|Any CPU = Release|Any CPU
	EndGlobalSection
	GlobalSection(ProjectConfigurationPlatforms) = postSolution
		{B7A68616-04B5-4A1D-9371-244C2FE23D27}.Debug|Any CPU.ActiveCfg = Debug|Any CPU
		{B7A68616-04B5-4A1D-9371-244C2FE23D27}.Debug|Any CPU.Build.0 = Debug|Any CPU
		{B7A68616-04B5-4A1D-9371-244C2FE23D27}.Release|Any CPU.ActiveCfg = Release|Any CPU
		{B7A68616-04B5-4A1D-9371-244C2FE23D27}.Release|Any CPU.Build.0 = Release|Any CPU
	EndGlobalSection
	GlobalSection(SolutionProperties) = preSolution
		HideSolutionNode = FALSE
	EndGlobalSection
	GlobalSection(ExtensibilityGlobals) = postSolution
		SolutionGuid = {1959E2E3-FE07-471E-B825-0FC5E0CC8584}
	EndGlobalSection
EndGlobal
